
Microsoft Visual Studio Solution File, Format Version 12.00
# Visual Studio Version 17
VisualStudioVersion = 17.8.34316.72
MinimumVisualStudioVersion = 10.0.40219.1
Project("{9A19103F-16F7-4668-BE54-9A1E7A4F7556}") = "RoadOfDreams", "RoadOfDreams.csproj", "{345A2D7F-973A-41EC-9130-7824D0D12331}"
EndProject
Global
	GlobalSection(SolutionConfigurationPlatforms) = preSolution
		Debug|Any CPU = Debug|Any CPU
		Release|Any CPU = Release|Any CPU
	EndGlobalSection
	GlobalSection(ProjectConfigurationPlatforms) = postSolution
		{345A2D7F-973A-41EC-9130-7824D0D12331}.Debug|Any CPU.ActiveCfg = Debug|Any CPU
		{345A2D7F-973A-41EC-9130-7824D0D12331}.Debug|Any CPU.Build.0 = Debug|Any CPU
		{345A2D7F-973A-41EC-9130-7824D0D12331}.Release|Any CPU.ActiveCfg = Release|Any CPU
		{345A2D7F-973A-41EC-9130-7824D0D12331}.Release|Any CPU.Build.0 = Release|Any CPU
	EndGlobalSection
	GlobalSection(SolutionProperties) = preSolution
		HideSolutionNode = FALSE
	EndGlobalSection
	GlobalSection(ExtensibilityGlobals) = postSolution
		SolutionGuid = {089D3244-BA9B-49DB-86F5-B741FF4F11FE}
	EndGlobalSection
EndGlobal
